
Microsoft Visual Studio Solution File, Format Version 12.00
# Visual Studio 2013
VisualStudioVersion = 12.0.21005.1
MinimumVisualStudioVersion = 10.0.40219.1
Project("{FAE04EC0-301F-11D3-BF4B-00C04F79EFBC}") = "ExcelCalc", "ExcelCalc\ExcelCalc.csproj", "{2A138380-1BF8-43E0-8947-0DD19011C373}"
EndProject
Project("{FAE04EC0-301F-11D3-BF4B-00C04F79EFBC}") = "SignalRSample", "SignalRSample\SignalRSample.csproj", "{97C84F4E-8405-45FC-9A50-72DB451AEDCE}"
EndProject
Global
	GlobalSection(SolutionConfigurationPlatforms) = preSolution
		Debug|Any CPU = Debug|Any CPU
		Release|Any CPU = Release|Any CPU
	EndGlobalSection
	GlobalSection(ProjectConfigurationPlatforms) = postSolution
		{2A138380-1BF8-43E0-8947-0DD19011C373}.Debug|Any CPU.ActiveCfg = Debug|Any CPU
		{2A138380-1BF8-43E0-8947-0DD19011C373}.Debug|Any CPU.Build.0 = Debug|Any CPU
		{2A138380-1BF8-43E0-8947-0DD19011C373}.Release|Any CPU.ActiveCfg = Release|Any CPU
		{2A138380-1BF8-43E0-8947-0DD19011C373}.Release|Any CPU.Build.0 = Release|Any CPU
		{97C84F4E-8405-45FC-9A50-72DB451AEDCE}.Debug|Any CPU.ActiveCfg = Debug|Any CPU
		{97C84F4E-8405-45FC-9A50-72DB451AEDCE}.Debug|Any CPU.Build.0 = Debug|Any CPU
		{97C84F4E-8405-45FC-9A50-72DB451AEDCE}.Release|Any CPU.ActiveCfg = Release|Any CPU
		{97C84F4E-8405-45FC-9A50-72DB451AEDCE}.Release|Any CPU.Build.0 = Release|Any CPU
	EndGlobalSection
	GlobalSection(SolutionProperties) = preSolution
		HideSolutionNode = FALSE
	EndGlobalSection
EndGlobal
